
Microsoft Visual Studio Solution File, Format Version 12.00
# Visual Studio Version 16
VisualStudioVersion = 16.0.31005.135
MinimumVisualStudioVersion = 10.0.40219.1
Project("{FAE04EC0-301F-11D3-BF4B-00C04F79EFBC}") = "Task3", "Task3.csproj", "{023D5AAD-A125-49BF-90E2-93C91B468E87}"
EndProject
Global
	GlobalSection(SolutionConfigurationPlatforms) = preSolution
		Debug|Any CPU = Debug|Any CPU
		Release|Any CPU = Release|Any CPU
	EndGlobalSection
	GlobalSection(ProjectConfigurationPlatforms) = postSolution
		{023D5AAD-A125-49BF-90E2-93C91B468E87}.Debug|Any CPU.ActiveCfg = Debug|Any CPU
		{023D5AAD-A125-49BF-90E2-93C91B468E87}.Debug|Any CPU.Build.0 = Debug|Any CPU
		{023D5AAD-A125-49BF-90E2-93C91B468E87}.Release|Any CPU.ActiveCfg = Release|Any CPU
		{023D5AAD-A125-49BF-90E2-93C91B468E87}.Release|Any CPU.Build.0 = Release|Any CPU
	EndGlobalSection
	GlobalSection(SolutionProperties) = preSolution
		HideSolutionNode = FALSE
	EndGlobalSection
	GlobalSection(ExtensibilityGlobals) = postSolution
		SolutionGuid = {D1409328-BAA2-437F-80FA-914E42430978}
	EndGlobalSection
EndGlobal
